// !$*UTF8*$!
{
	archiveVersion = 1;
	classes = {
	};
	objectVersion = 46;
	objects = {

/* Begin PBXBuildFile section */
		52346F511DCB7F2D0074F3A8 /* AppDelegate.swift in Sources */ = {isa = PBXBuildFile; fileRef = 52346F501DCB7F2D0074F3A8 /* AppDelegate.swift */; };
		52346F531DCB7F2D0074F3A8 /* ViewController.swift in Sources */ = {isa = PBXBuildFile; fileRef = 52346F521DCB7F2D0074F3A8 /* ViewController.swift */; };
		52346F561DCB7F2D0074F3A8 /* Main.storyboard in Resources */ = {isa = PBXBuildFile; fileRef = 52346F541DCB7F2D0074F3A8 /* Main.storyboard */; };
		52346F581DCB7F2D0074F3A8 /* Assets.xcassets in Resources */ = {isa = PBXBuildFile; fileRef = 52346F571DCB7F2D0074F3A8 /* Assets.xcassets */; };
		52346F5B1DCB7F2D0074F3A8 /* LaunchScreen.storyboard in Resources */ = {isa = PBXBuildFile; fileRef = 52346F591DCB7F2D0074F3A8 /* LaunchScreen.storyboard */; };
		52346F661DCB7F2D0074F3A8 /* _15057127_CalculatorAppTests.swift in Sources */ = {isa = PBXBuildFile; fileRef = 52346F651DCB7F2D0074F3A8 /* _15057127_CalculatorAppTests.swift */; };
		52346F711DCB7F2D0074F3A8 /* _15057127_CalculatorAppUITests.swift in Sources */ = {isa = PBXBuildFile; fileRef = 52346F701DCB7F2D0074F3A8 /* _15057127_CalculatorAppUITests.swift */; };
		52346F8E1DCB7FC90074F3A8 /* apple.png in Resources */ = {isa = PBXBuildFile; fileRef = 52346F7E1DCB7FC90074F3A8 /* apple.png */; };
		52346F8F1DCB7FC90074F3A8 /* number0.png in Resources */ = {isa = PBXBuildFile; fileRef = 52346F7F1DCB7FC90074F3A8 /* number0.png */; };
		52346F901DCB7FC90074F3A8 /* number1.png in Resources */ = {isa = PBXBuildFile; fileRef = 52346F801DCB7FC90074F3A8 /* number1.png */; };
		52346F911DCB7FC90074F3A8 /* number2.png in Resources */ = {isa = PBXBuildFile; fileRef = 52346F811DCB7FC90074F3A8 /* number2.png */; };
		52346F921DCB7FC90074F3A8 /* number3.png in Resources */ = {isa = PBXBuildFile; fileRef = 52346F821DCB7FC90074F3A8 /* number3.png */; };
		52346F931DCB7FC90074F3A8 /* number4.png in Resources */ = {isa = PBXBuildFile; fileRef = 52346F831DCB7FC90074F3A8 /* number4.png */; };
		52346F941DCB7FC90074F3A8 /* number5.png in Resources */ = {isa = PBXBuildFile; fileRef = 52346F841DCB7FC90074F3A8 /* number5.png */; };
		52346F951DCB7FC90074F3A8 /* number6.png in Resources */ = {isa = PBXBuildFile; fileRef = 52346F851DCB7FC90074F3A8 /* number6.png */; };
		52346F961DCB7FC90074F3A8 /* number7.png in Resources */ = {isa = PBXBuildFile; fileRef = 52346F861DCB7FC90074F3A8 /* number7.png */; };
		52346F971DCB7FC90074F3A8 /* number8.png in Resources */ = {isa = PBXBuildFile; fileRef = 52346F871DCB7FC90074F3A8 /* number8.png */; };
		52346F981DCB7FC90074F3A8 /* number9.png in Resources */ = {isa = PBXBuildFile; fileRef = 52346F881DCB7FC90074F3A8 /* number9.png */; };
		52346F991DCB7FC90074F3A8 /* plate_white.png in Resources */ = {isa = PBXBuildFile; fileRef = 52346F891DCB7FC90074F3A8 /* plate_white.png */; };
		52346F9A1DCB7FC90074F3A8 /* plate.png in Resources */ = {isa = PBXBuildFile; fileRef = 52346F8A1DCB7FC90074F3A8 /* plate.png */; };
		52346F9B1DCB7FC90074F3A8 /* play_again.png in Resources */ = {isa = PBXBuildFile; fileRef = 52346F8B1DCB7FC90074F3A8 /* play_again.png */; };
		52346F9C1DCB7FC90074F3A8 /* star_kids.png in Resources */ = {isa = PBXBuildFile; fileRef = 52346F8C1DCB7FC90074F3A8 /* star_kids.png */; };
		52346F9D1DCB7FC90074F3A8 /* thumbs_up.png in Resources */ = {isa = PBXBuildFile; fileRef = 52346F8D1DCB7FC90074F3A8 /* thumbs_up.png */; };
		52346F9F1DCCB6140074F3A8 /* DraggedImageView.swift in Sources */ = {isa = PBXBuildFile; fileRef = 52346F9E1DCCB6140074F3A8 /* DraggedImageView.swift */; };
/* End PBXBuildFile section */

/* Begin PBXContainerItemProxy section */
		52346F621DCB7F2D0074F3A8 /* PBXContainerItemProxy */ = {
			isa = PBXContainerItemProxy;
			containerPortal = 52346F451DCB7F2D0074F3A8 /* Project object */;
			proxyType = 1;
			remoteGlobalIDString = 52346F4C1DCB7F2D0074F3A8;
			remoteInfo = "[15057127]CalculatorApp";
		};
		52346F6D1DCB7F2D0074F3A8 /* PBXContainerItemProxy */ = {
			isa = PBXContainerItemProxy;
			containerPortal = 52346F451DCB7F2D0074F3A8 /* Project object */;
			proxyType = 1;
			remoteGlobalIDString = 52346F4C1DCB7F2D0074F3A8;
			remoteInfo = "[15057127]CalculatorApp";
		};
/* End PBXContainerItemProxy section */

/* Begin PBXFileReference section */
		52346F4D1DCB7F2D0074F3A8 /* [15057127]CalculatorApp.app */ = {isa = PBXFileReference; explicitFileType = wrapper.application; includeInIndex = 0; path = "[15057127]CalculatorApp.app"; sourceTree = BUILT_PRODUCTS_DIR; };
		52346F501DCB7F2D0074F3A8 /* AppDelegate.swift */ = {isa = PBXFileReference; lastKnownFileType = sourcecode.swift; path = AppDelegate.swift; sourceTree = "<group>"; };
		52346F521DCB7F2D0074F3A8 /* ViewController.swift */ = {isa = PBXFileReference; lastKnownFileType = sourcecode.swift; path = ViewController.swift; sourceTree = "<group>"; };
		52346F551DCB7F2D0074F3A8 /* Base */ = {isa = PBXFileReference; lastKnownFileType = file.storyboard; name = Base; path = Base.lproj/Main.storyboard; sourceTree = "<group>"; };
		52346F571DCB7F2D0074F3A8 /* Assets.xcassets */ = {isa = PBXFileReference; lastKnownFileType = folder.assetcatalog; path = Assets.xcassets; sourceTree = "<group>"; };
		52346F5A1DCB7F2D0074F3A8 /* Base */ = {isa = PBXFileReference; lastKnownFileType = file.storyboard; name = Base; path = Base.lproj/LaunchScreen.storyboard; sourceTree = "<group>"; };
		52346F5C1DCB7F2D0074F3A8 /* Info.plist */ = {isa = PBXFileReference; lastKnownFileType = text.plist.xml; path = Info.plist; sourceTree = "<group>"; };
		52346F611DCB7F2D0074F3A8 /* [15057127]CalculatorAppTests.xctest */ = {isa = PBXFileReference; explicitFileType = wrapper.cfbundle; includeInIndex = 0; path = "[15057127]CalculatorAppTests.xctest"; sourceTree = BUILT_PRODUCTS_DIR; };
		52346F651DCB7F2D0074F3A8 /* _15057127_CalculatorAppTests.swift */ = {isa = PBXFileReference; lastKnownFileType = sourcecode.swift; path = _15057127_CalculatorAppTests.swift; sourceTree = "<group>"; };
		52346F671DCB7F2D0074F3A8 /* Info.plist */ = {isa = PBXFileReference; lastKnownFileType = text.plist.xml; path = Info.plist; sourceTree = "<group>"; };
		52346F6C1DCB7F2D0074F3A8 /* [15057127]CalculatorAppUITests.xctest */ = {isa = PBXFileReference; explicitFileType = wrapper.cfbundle; includeInIndex = 0; path = "[15057127]CalculatorAppUITests.xctest"; sourceTree = BUILT_PRODUCTS_DIR; };
		52346F701DCB7F2D0074F3A8 /* _15057127_CalculatorAppUITests.swift */ = {isa = PBXFileReference; lastKnownFileType = sourcecode.swift; path = _15057127_CalculatorAppUITests.swift; sourceTree = "<group>"; };
		52346F721DCB7F2D0074F3A8 /* Info.plist */ = {isa = PBXFileReference; lastKnownFileType = text.plist.xml; path = Info.plist; sourceTree = "<group>"; };
		52346F7E1DCB7FC90074F3A8 /* apple.png */ = {isa = PBXFileReference; lastKnownFileType = image.png; name = apple.png; path = images/apple.png; sourceTree = "<group>"; };
		52346F7F1DCB7FC90074F3A8 /* number0.png */ = {isa = PBXFileReference; lastKnownFileType = image.png; name = number0.png; path = images/number0.png; sourceTree = "<group>"; };
		52346F801DCB7FC90074F3A8 /* number1.png */ = {isa = PBXFileReference; lastKnownFileType = image.png; name = number1.png; path = images/number1.png; sourceTree = "<group>"; };
		52346F811DCB7FC90074F3A8 /* number2.png */ = {isa = PBXFileReference; lastKnownFileType = image.png; name = number2.png; path = images/number2.png; sourceTree = "<group>"; };
		52346F821DCB7FC90074F3A8 /* number3.png */ = {isa = PBXFileReference; lastKnownFileType = image.png; name = number3.png; path = images/number3.png; sourceTree = "<group>"; };
		52346F831DCB7FC90074F3A8 /* number4.png */ = {isa = PBXFileReference; lastKnownFileType = image.png; name = number4.png; path = images/number4.png; sourceTree = "<group>"; };
		52346F841DCB7FC90074F3A8 /* number5.png */ = {isa = PBXFileReference; lastKnownFileType = image.png; name = number5.png; path = images/number5.png; sourceTree = "<group>"; };
		52346F851DCB7FC90074F3A8 /* number6.png */ = {isa = PBXFileReference; lastKnownFileType = image.png; name = number6.png; path = images/number6.png; sourceTree = "<group>"; };
		52346F861DCB7FC90074F3A8 /* number7.png */ = {isa = PBXFileReference; lastKnownFileType = image.png; name = number7.png; path = images/number7.png; sourceTree = "<group>"; };
		52346F871DCB7FC90074F3A8 /* number8.png */ = {isa = PBXFileReference; lastKnownFileType = image.png; name = number8.png; path = images/number8.png; sourceTree = "<group>"; };
		52346F881DCB7FC90074F3A8 /* number9.png */ = {isa = PBXFileReference; lastKnownFileType = image.png; name = number9.png; path = images/number9.png; sourceTree = "<group>"; };
		52346F891DCB7FC90074F3A8 /* plate_white.png */ = {isa = PBXFileReference; lastKnownFileType = image.png; name = plate_white.png; path = images/plate_white.png; sourceTree = "<group>"; };
		52346F8A1DCB7FC90074F3A8 /* plate.png */ = {isa = PBXFileReference; lastKnownFileType = image.png; name = plate.png; path = images/plate.png; sourceTree = "<group>"; };
		52346F8B1DCB7FC90074F3A8 /* play_again.png */ = {isa = PBXFileReference; lastKnownFileType = image.png; name = play_again.png; path = images/play_again.png; sourceTree = "<group>"; };
		52346F8C1DCB7FC90074F3A8 /* star_kids.png */ = {isa = PBXFileReference; lastKnownFileType = image.png; name = star_kids.png; path = images/star_kids.png; sourceTree = "<group>"; };
		52346F8D1DCB7FC90074F3A8 /* thumbs_up.png */ = {isa = PBXFileReference; lastKnownFileType = image.png; name = thumbs_up.png; path = images/thumbs_up.png; sourceTree = "<group>"; };
		52346F9E1DCCB6140074F3A8 /* DraggedImageView.swift */ = {isa = PBXFileReference; fileEncoding = 4; lastKnownFileType = sourcecode.swift; path = DraggedImageView.swift; sourceTree = "<group>"; };
/* End PBXFileReference section */

/* Begin PBXFrameworksBuildPhase section */
		52346F4A1DCB7F2D0074F3A8 /* Frameworks */ = {
			isa = PBXFrameworksBuildPhase;
			buildActionMask = 2147483647;
			files = (
			);
			runOnlyForDeploymentPostprocessing = 0;
		};
		52346F5E1DCB7F2D0074F3A8 /* Frameworks */ = {
			isa = PBXFrameworksBuildPhase;
			buildActionMask = 2147483647;
			files = (
			);
			runOnlyForDeploymentPostprocessing = 0;
		};
		52346F691DCB7F2D0074F3A8 /* Frameworks */ = {
			isa = PBXFrameworksBuildPhase;
			buildActionMask = 2147483647;
			files = (
			);
			runOnlyForDeploymentPostprocessing = 0;
		};
/* End PBXFrameworksBuildPhase section */

/* Begin PBXGroup section */
		52346F441DCB7F2D0074F3A8 = {
			isa = PBXGroup;
			children = (
				52346F4F1DCB7F2D0074F3A8 /* [15057127]CalculatorApp */,
				52346F641DCB7F2D0074F3A8 /* [15057127]CalculatorAppTests */,
				52346F6F1DCB7F2D0074F3A8 /* [15057127]CalculatorAppUITests */,
				52346F4E1DCB7F2D0074F3A8 /* Products */,
			);
			sourceTree = "<group>";
		};
		52346F4E1DCB7F2D0074F3A8 /* Products */ = {
			isa = PBXGroup;
			children = (
				52346F4D1DCB7F2D0074F3A8 /* [15057127]CalculatorApp.app */,
				52346F611DCB7F2D0074F3A8 /* [15057127]CalculatorAppTests.xctest */,
				52346F6C1DCB7F2D0074F3A8 /* [15057127]CalculatorAppUITests.xctest */,
			);
			name = Products;
			sourceTree = "<group>";
		};
		52346F4F1DCB7F2D0074F3A8 /* [15057127]CalculatorApp */ = {
			isa = PBXGroup;
			children = (
				52346F501DCB7F2D0074F3A8 /* AppDelegate.swift */,
				52346F521DCB7F2D0074F3A8 /* ViewController.swift */,
				52346F9E1DCCB6140074F3A8 /* DraggedImageView.swift */,
				52346F541DCB7F2D0074F3A8 /* Main.storyboard */,
				52346F7E1DCB7FC90074F3A8 /* apple.png */,
				52346F7F1DCB7FC90074F3A8 /* number0.png */,
				52346F801DCB7FC90074F3A8 /* number1.png */,
				52346F811DCB7FC90074F3A8 /* number2.png */,
				52346F821DCB7FC90074F3A8 /* number3.png */,
				52346F831DCB7FC90074F3A8 /* number4.png */,
				52346F841DCB7FC90074F3A8 /* number5.png */,
				52346F851DCB7FC90074F3A8 /* number6.png */,
				52346F861DCB7FC90074F3A8 /* number7.png */,
				52346F871DCB7FC90074F3A8 /* number8.png */,
				52346F881DCB7FC90074F3A8 /* number9.png */,
				52346F891DCB7FC90074F3A8 /* plate_white.png */,
				52346F8A1DCB7FC90074F3A8 /* plate.png */,
				52346F8B1DCB7FC90074F3A8 /* play_again.png */,
				52346F8C1DCB7FC90074F3A8 /* star_kids.png */,
				52346F8D1DCB7FC90074F3A8 /* thumbs_up.png */,
				52346F571DCB7F2D0074F3A8 /* Assets.xcassets */,
				52346F591DCB7F2D0074F3A8 /* LaunchScreen.storyboard */,
				52346F5C1DCB7F2D0074F3A8 /* Info.plist */,
			);
			path = "[15057127]CalculatorApp";
			sourceTree = "<group>";
		};
		52346F641DCB7F2D0074F3A8 /* [15057127]CalculatorAppTests */ = {
			isa = PBXGroup;
			children = (
				52346F651DCB7F2D0074F3A8 /* _15057127_CalculatorAppTests.swift */,
				52346F671DCB7F2D0074F3A8 /* Info.plist */,
			);
			path = "[15057127]CalculatorAppTests";
			sourceTree = "<group>";
		};
		52346F6F1DCB7F2D0074F3A8 /* [15057127]CalculatorAppUITests */ = {
			isa = PBXGroup;
			children = (
				52346F701DCB7F2D0074F3A8 /* _15057127_CalculatorAppUITests.swift */,
				52346F721DCB7F2D0074F3A8 /* Info.plist */,
			);
			path = "[15057127]CalculatorAppUITests";
			sourceTree = "<group>";
		};
/* End PBXGroup section */

/* Begin PBXNativeTarget section */
		52346F4C1DCB7F2D0074F3A8 /* [15057127]CalculatorApp */ = {
			isa = PBXNativeTarget;
			buildConfigurationList = 52346F751DCB7F2E0074F3A8 /* Build configuration list for PBXNativeTarget "[15057127]CalculatorApp" */;
			buildPhases = (
				52346F491DCB7F2D0074F3A8 /* Sources */,
				52346F4A1DCB7F2D0074F3A8 /* Frameworks */,
				52346F4B1DCB7F2D0074F3A8 /* Resources */,
			);
			buildRules = (
			);
			dependencies = (
			);
			name = "[15057127]CalculatorApp";
			productName = "[15057127]CalculatorApp";
			productReference = 52346F4D1DCB7F2D0074F3A8 /* [15057127]CalculatorApp.app */;
			productType = "com.apple.product-type.application";
		};
		52346F601DCB7F2D0074F3A8 /* [15057127]CalculatorAppTests */ = {
			isa = PBXNativeTarget;
			buildConfigurationList = 52346F781DCB7F2E0074F3A8 /* Build configuration list for PBXNativeTarget "[15057127]CalculatorAppTests" */;
			buildPhases = (
				52346F5D1DCB7F2D0074F3A8 /* Sources */,
				52346F5E1DCB7F2D0074F3A8 /* Frameworks */,
				52346F5F1DCB7F2D0074F3A8 /* Resources */,
			);
			buildRules = (
			);
			dependencies = (
				52346F631DCB7F2D0074F3A8 /* PBXTargetDependency */,
			);
			name = "[15057127]CalculatorAppTests";
			productName = "[15057127]CalculatorAppTests";
			productReference = 52346F611DCB7F2D0074F3A8 /* [15057127]CalculatorAppTests.xctest */;
			productType = "com.apple.product-type.bundle.unit-test";
		};
		52346F6B1DCB7F2D0074F3A8 /* [15057127]CalculatorAppUITests */ = {
			isa = PBXNativeTarget;
			buildConfigurationList = 52346F7B1DCB7F2E0074F3A8 /* Build configuration list for PBXNativeTarget "[15057127]CalculatorAppUITests" */;
			buildPhases = (
				52346F681DCB7F2D0074F3A8 /* Sources */,
				52346F691DCB7F2D0074F3A8 /* Frameworks */,
				52346F6A1DCB7F2D0074F3A8 /* Resources */,
			);
			buildRules = (
			);
			dependencies = (
				52346F6E1DCB7F2D0074F3A8 /* PBXTargetDependency */,
			);
			name = "[15057127]CalculatorAppUITests";
			productName = "[15057127]CalculatorAppUITests";
			productReference = 52346F6C1DCB7F2D0074F3A8 /* [15057127]CalculatorAppUITests.xctest */;
			productType = "com.apple.product-type.bundle.ui-testing";
		};
/* End PBXNativeTarget section */

/* Begin PBXProject section */
		52346F451DCB7F2D0074F3A8 /* Project object */ = {
			isa = PBXProject;
			attributes = {
				LastSwiftUpdateCheck = 0810;
				LastUpgradeCheck = 0810;
				ORGANIZATIONNAME = Etienne_Stev;
				TargetAttributes = {
					52346F4C1DCB7F2D0074F3A8 = {
						CreatedOnToolsVersion = 8.1;
						ProvisioningStyle = Automatic;
					};
					52346F601DCB7F2D0074F3A8 = {
						CreatedOnToolsVersion = 8.1;
						ProvisioningStyle = Automatic;
						TestTargetID = 52346F4C1DCB7F2D0074F3A8;
					};
					52346F6B1DCB7F2D0074F3A8 = {
						CreatedOnToolsVersion = 8.1;
						ProvisioningStyle = Automatic;
						TestTargetID = 52346F4C1DCB7F2D0074F3A8;
					};
				};
			};
			buildConfigurationList = 52346F481DCB7F2D0074F3A8 /* Build configuration list for PBXProject "[15057127]CalculatorApp" */;
			compatibilityVersion = "Xcode 3.2";
			developmentRegion = English;
			hasScannedForEncodings = 0;
			knownRegions = (
				en,
				Base,
			);
			mainGroup = 52346F441DCB7F2D0074F3A8;
			productRefGroup = 52346F4E1DCB7F2D0074F3A8 /* Products */;
			projectDirPath = "";
			projectRoot = "";
			targets = (
				52346F4C1DCB7F2D0074F3A8 /* [15057127]CalculatorApp */,
				52346F601DCB7F2D0074F3A8 /* [15057127]CalculatorAppTests */,
				52346F6B1DCB7F2D0074F3A8 /* [15057127]CalculatorAppUITests */,
			);
		};
/* End PBXProject section */

/* Begin PBXResourcesBuildPhase section */
		52346F4B1DCB7F2D0074F3A8 /* Resources */ = {
			isa = PBXResourcesBuildPhase;
			buildActionMask = 2147483647;
			files = (
				52346F5B1DCB7F2D0074F3A8 /* LaunchScreen.storyboard in Resources */,
				52346F971DCB7FC90074F3A8 /* number8.png in Resources */,
				52346F9A1DCB7FC90074F3A8 /* plate.png in Resources */,
				52346F581DCB7F2D0074F3A8 /* Assets.xcassets in Resources */,
				52346F961DCB7FC90074F3A8 /* number7.png in Resources */,
				52346F941DCB7FC90074F3A8 /* number5.png in Resources */,
				52346F921DCB7FC90074F3A8 /* number3.png in Resources */,
				52346F991DCB7FC90074F3A8 /* plate_white.png in Resources */,
				52346F901DCB7FC90074F3A8 /* number1.png in Resources */,
				52346F8F1DCB7FC90074F3A8 /* number0.png in Resources */,
				52346F931DCB7FC90074F3A8 /* number4.png in Resources */,
				52346F8E1DCB7FC90074F3A8 /* apple.png in Resources */,
				52346F911DCB7FC90074F3A8 /* number2.png in Resources */,
				52346F561DCB7F2D0074F3A8 /* Main.storyboard in Resources */,
				52346F981DCB7FC90074F3A8 /* number9.png in Resources */,
				52346F9D1DCB7FC90074F3A8 /* thumbs_up.png in Resources */,
				52346F951DCB7FC90074F3A8 /* number6.png in Resources */,
				52346F9C1DCB7FC90074F3A8 /* star_kids.png in Resources */,
				52346F9B1DCB7FC90074F3A8 /* play_again.png in Resources */,
			);
			runOnlyForDeploymentPostprocessing = 0;
		};
		52346F5F1DCB7F2D0074F3A8 /* Resources */ = {
			isa = PBXResourcesBuildPhase;
			buildActionMask = 2147483647;
			files = (
			);
			runOnlyForDeploymentPostprocessing = 0;
		};
		52346F6A1DCB7F2D0074F3A8 /* Resources */ = {
			isa = PBXResourcesBuildPhase;
			buildActionMask = 2147483647;
			files = (
			);
			runOnlyForDeploymentPostprocessing = 0;
		};
/* End PBXResourcesBuildPhase section */

/* Begin PBXSourcesBuildPhase section */
		52346F491DCB7F2D0074F3A8 /* Sources */ = {
			isa = PBXSourcesBuildPhase;
			buildActionMask = 2147483647;
			files = (
				52346F531DCB7F2D0074F3A8 /* ViewController.swift in Sources */,
				52346F9F1DCCB6140074F3A8 /* DraggedImageView.swift in Sources */,
				52346F511DCB7F2D0074F3A8 /* AppDelegate.swift in Sources */,
			);
			runOnlyForDeploymentPostprocessing = 0;
		};
		52346F5D1DCB7F2D0074F3A8 /* Sources */ = {
			isa = PBXSourcesBuildPhase;
			buildActionMask = 2147483647;
			files = (
				52346F661DCB7F2D0074F3A8 /* _15057127_CalculatorAppTests.swift in Sources */,
			);
			runOnlyForDeploymentPostprocessing = 0;
		};
		52346F681DCB7F2D0074F3A8 /* Sources */ = {
			isa = PBXSourcesBuildPhase;
			buildActionMask = 2147483647;
			files = (
				52346F711DCB7F2D0074F3A8 /* _15057127_CalculatorAppUITests.swift in Sources */,
			);
			runOnlyForDeploymentPostprocessing = 0;
		};
/* End PBXSourcesBuildPhase section */

/* Begin PBXTargetDependency section */
		52346F631DCB7F2D0074F3A8 /* PBXTargetDependency */ = {
			isa = PBXTargetDependency;
			target = 52346F4C1DCB7F2D0074F3A8 /* [15057127]CalculatorApp */;
			targetProxy = 52346F621DCB7F2D0074F3A8 /* PBXContainerItemProxy */;
		};
		52346F6E1DCB7F2D0074F3A8 /* PBXTargetDependency */ = {
			isa = PBXTargetDependency;
			target = 52346F4C1DCB7F2D0074F3A8 /* [15057127]CalculatorApp */;
			targetProxy = 52346F6D1DCB7F2D0074F3A8 /* PBXContainerItemProxy */;
		};
/* End PBXTargetDependency section */

/* Begin PBXVariantGroup section */
		52346F541DCB7F2D0074F3A8 /* Main.storyboard */ = {
			isa = PBXVariantGroup;
			children = (
				52346F551DCB7F2D0074F3A8 /* Base */,
			);
			name = Main.storyboard;
			sourceTree = "<group>";
		};
		52346F591DCB7F2D0074F3A8 /* LaunchScreen.storyboard */ = {
			isa = PBXVariantGroup;
			children = (
				52346F5A1DCB7F2D0074F3A8 /* Base */,
			);
			name = LaunchScreen.storyboard;
			sourceTree = "<group>";
		};
/* End PBXVariantGroup section */

/* Begin XCBuildConfiguration section */
		52346F731DCB7F2D0074F3A8 /* Debug */ = {
			isa = XCBuildConfiguration;
			buildSettings = {
				ALWAYS_SEARCH_USER_PATHS = NO;
				CLANG_ANALYZER_NONNULL = YES;
				CLANG_CXX_LANGUAGE_STANDARD = "gnu++0x";
				CLANG_CXX_LIBRARY = "libc++";
				CLANG_ENABLE_MODULES = YES;
				CLANG_ENABLE_OBJC_ARC = YES;
				CLANG_WARN_BOOL_CONVERSION = YES;
				CLANG_WARN_CONSTANT_CONVERSION = YES;
				CLANG_WARN_DIRECT_OBJC_ISA_USAGE = YES_ERROR;
				CLANG_WARN_DOCUMENTATION_COMMENTS = YES;
				CLANG_WARN_EMPTY_BODY = YES;
				CLANG_WARN_ENUM_CONVERSION = YES;
				CLANG_WARN_INFINITE_RECURSION = YES;
				CLANG_WARN_INT_CONVERSION = YES;
				CLANG_WARN_OBJC_ROOT_CLASS = YES_ERROR;
				CLANG_WARN_SUSPICIOUS_MOVES = YES;
				CLANG_WARN_UNREACHABLE_CODE = YES;
				CLANG_WARN__DUPLICATE_METHOD_MATCH = YES;
				"CODE_SIGN_IDENTITY[sdk=iphoneos*]" = "iPhone Developer";
				COPY_PHASE_STRIP = NO;
				DEBUG_INFORMATION_FORMAT = dwarf;
				ENABLE_STRICT_OBJC_MSGSEND = YES;
				ENABLE_TESTABILITY = YES;
				GCC_C_LANGUAGE_STANDARD = gnu99;
				GCC_DYNAMIC_NO_PIC = NO;
				GCC_NO_COMMON_BLOCKS = YES;
				GCC_OPTIMIZATION_LEVEL = 0;
				GCC_PREPROCESSOR_DEFINITIONS = (
					"DEBUG=1",
					"$(inherited)",
				);
				GCC_WARN_64_TO_32_BIT_CONVERSION = YES;
				GCC_WARN_ABOUT_RETURN_TYPE = YES_ERROR;
				GCC_WARN_UNDECLARED_SELECTOR = YES;
				GCC_WARN_UNINITIALIZED_AUTOS = YES_AGGRESSIVE;
				GCC_WARN_UNUSED_FUNCTION = YES;
				GCC_WARN_UNUSED_VARIABLE = YES;
				IPHONEOS_DEPLOYMENT_TARGET = 10.1;
				MTL_ENABLE_DEBUG_INFO = YES;
				ONLY_ACTIVE_ARCH = YES;
				SDKROOT = iphoneos;
				SWIFT_ACTIVE_COMPILATION_CONDITIONS = DEBUG;
				SWIFT_OPTIMIZATION_LEVEL = "-Onone";
			};
			name = Debug;
		};
		52346F741DCB7F2E0074F3A8 /* Release */ = {
			isa = XCBuildConfiguration;
			buildSettings = {
				ALWAYS_SEARCH_USER_PATHS = NO;
				CLANG_ANALYZER_NONNULL = YES;
				CLANG_CXX_LANGUAGE_STANDARD = "gnu++0x";
				CLANG_CXX_LIBRARY = "libc++";
				CLANG_ENABLE_MODULES = YES;
				CLANG_ENABLE_OBJC_ARC = YES;
				CLANG_WARN_BOOL_CONVERSION = YES;
				CLANG_WARN_CONSTANT_CONVERSION = YES;
				CLANG_WARN_DIRECT_OBJC_ISA_USAGE = YES_ERROR;
				CLANG_WARN_DOCUMENTATION_COMMENTS = YES;
				CLANG_WARN_EMPTY_BODY = YES;
				CLANG_WARN_ENUM_CONVERSION = YES;
				CLANG_WARN_INFINITE_RECURSION = YES;
				CLANG_WARN_INT_CONVERSION = YES;
				CLANG_WARN_OBJC_ROOT_CLASS = YES_ERROR;
				CLANG_WARN_SUSPICIOUS_MOVES = YES;
				CLANG_WARN_UNREACHABLE_CODE = YES;
				CLANG_WARN__DUPLICATE_METHOD_MATCH = YES;
				"CODE_SIGN_IDENTITY[sdk=iphoneos*]" = "iPhone Developer";
				COPY_PHASE_STRIP = NO;
				DEBUG_INFORMATION_FORMAT = "dwarf-with-dsym";
				ENABLE_NS_ASSERTIONS = NO;
				ENABLE_STRICT_OBJC_MSGSEND = YES;
				GCC_C_LANGUAGE_STANDARD = gnu99;
				GCC_NO_COMMON_BLOCKS = YES;
				GCC_WARN_64_TO_32_BIT_CONVERSION = YES;
				GCC_WARN_ABOUT_RETURN_TYPE = YES_ERROR;
				GCC_WARN_UNDECLARED_SELECTOR = YES;
				GCC_WARN_UNINITIALIZED_AUTOS = YES_AGGRESSIVE;
				GCC_WARN_UNUSED_FUNCTION = YES;
				GCC_WARN_UNUSED_VARIABLE = YES;
				IPHONEOS_DEPLOYMENT_TARGET = 10.1;
				MTL_ENABLE_DEBUG_INFO = NO;
				SDKROOT = iphoneos;
				SWIFT_OPTIMIZATION_LEVEL = "-Owholemodule";
				VALIDATE_PRODUCT = YES;
			};
			name = Release;
		};
		52346F761DCB7F2E0074F3A8 /* Debug */ = {
			isa = XCBuildConfiguration;
			buildSettings = {
				ASSETCATALOG_COMPILER_APPICON_NAME = AppIcon;
				INFOPLIST_FILE = "[15057127]CalculatorApp/Info.plist";
				LD_RUNPATH_SEARCH_PATHS = "$(inherited) @executable_path/Frameworks";
				PRODUCT_BUNDLE_IDENTIFIER = "NWE.-15057127-CalculatorApp";
				PRODUCT_NAME = "$(TARGET_NAME)";
				SWIFT_VERSION = 3.0;
			};
			name = Debug;
		};
		52346F771DCB7F2E0074F3A8 /* Release */ = {
			isa = XCBuildConfiguration;
			buildSettings = {
				ASSETCATALOG_COMPILER_APPICON_NAME = AppIcon;
				INFOPLIST_FILE = "[15057127]CalculatorApp/Info.plist";
				LD_RUNPATH_SEARCH_PATHS = "$(inherited) @executable_path/Frameworks";
				PRODUCT_BUNDLE_IDENTIFIER = "NWE.-15057127-CalculatorApp";
				PRODUCT_NAME = "$(TARGET_NAME)";
				SWIFT_VERSION = 3.0;
			};
			name = Release;
		};
		52346F791DCB7F2E0074F3A8 /* Debug */ = {
			isa = XCBuildConfiguration;
			buildSettings = {
				ALWAYS_EMBED_SWIFT_STANDARD_LIBRARIES = YES;
				BUNDLE_LOADER = "$(TEST_HOST)";
				INFOPLIST_FILE = "[15057127]CalculatorAppTests/Info.plist";
				LD_RUNPATH_SEARCH_PATHS = "$(inherited) @executable_path/Frameworks @loader_path/Frameworks";
				PRODUCT_BUNDLE_IDENTIFIER = "NWE.-15057127-CalculatorAppTests";
				PRODUCT_NAME = "$(TARGET_NAME)";
				SWIFT_VERSION = 3.0;
				TEST_HOST = "$(BUILT_PRODUCTS_DIR)/[15057127]CalculatorApp.app/[15057127]CalculatorApp";
			};
			name = Debug;
		};
		52346F7A1DCB7F2E0074F3A8 /* Release */ = {
			isa = XCBuildConfiguration;
			buildSettings = {
				ALWAYS_EMBED_SWIFT_STANDARD_LIBRARIES = YES;
				BUNDLE_LOADER = "$(TEST_HOST)";
				INFOPLIST_FILE = "[15057127]CalculatorAppTests/Info.plist";
				LD_RUNPATH_SEARCH_PATHS = "$(inherited) @executable_path/Frameworks @loader_path/Frameworks";
				PRODUCT_BUNDLE_IDENTIFIER = "NWE.-15057127-CalculatorAppTests";
				PRODUCT_NAME = "$(TARGET_NAME)";
				SWIFT_VERSION = 3.0;
				TEST_HOST = "$(BUILT_PRODUCTS_DIR)/[15057127]CalculatorApp.app/[15057127]CalculatorApp";
			};
			name = Release;
		};
		52346F7C1DCB7F2E0074F3A8 /* Debug */ = {
			isa = XCBuildConfiguration;
			buildSettings = {
				ALWAYS_EMBED_SWIFT_STANDARD_LIBRARIES = YES;
				INFOPLIST_FILE = "[15057127]CalculatorAppUITests/Info.plist";
				LD_RUNPATH_SEARCH_PATHS = "$(inherited) @executable_path/Frameworks @loader_path/Frameworks";
				PRODUCT_BUNDLE_IDENTIFIER = "NWE.-15057127-CalculatorAppUITests";
				PRODUCT_NAME = "$(TARGET_NAME)";
				SWIFT_VERSION = 3.0;
				TEST_TARGET_NAME = "[15057127]CalculatorApp";
			};
			name = Debug;
		};
		52346F7D1DCB7F2E0074F3A8 /* Release */ = {
			isa = XCBuildConfiguration;
			buildSettings = {
				ALWAYS_EMBED_SWIFT_STANDARD_LIBRARIES = YES;
				INFOPLIST_FILE = "[15057127]CalculatorAppUITests/Info.plist";
				LD_RUNPATH_SEARCH_PATHS = "$(inherited) @executable_path/Frameworks @loader_path/Frameworks";
				PRODUCT_BUNDLE_IDENTIFIER = "NWE.-15057127-CalculatorAppUITests";
				PRODUCT_NAME = "$(TARGET_NAME)";
				SWIFT_VERSION = 3.0;
				TEST_TARGET_NAME = "[15057127]CalculatorApp";
			};
			name = Release;
		};
/* End XCBuildConfiguration section */

/* Begin XCConfigurationList section */
		52346F481DCB7F2D0074F3A8 /* Build configuration list for PBXProject "[15057127]CalculatorApp" */ = {
			isa = XCConfigurationList;
			buildConfigurations = (
				52346F731DCB7F2D0074F3A8 /* Debug */,
				52346F741DCB7F2E0074F3A8 /* Release */,
			);
			defaultConfigurationIsVisible = 0;
			defaultConfigurationName = Release;
		};
		52346F751DCB7F2E0074F3A8 /* Build configuration list for PBXNativeTarget "[15057127]CalculatorApp" */ = {
			isa = XCConfigurationList;
			buildConfigurations = (
				52346F761DCB7F2E0074F3A8 /* Debug */,
				52346F771DCB7F2E0074F3A8 /* Release */,
			);
			defaultConfigurationIsVisible = 0;
		};
		52346F781DCB7F2E0074F3A8 /* Build configuration list for PBXNativeTarget "[15057127]CalculatorAppTests" */ = {
			isa = XCConfigurationList;
			buildConfigurations = (
				52346F791DCB7F2E0074F3A8 /* Debug */,
				52346F7A1DCB7F2E0074F3A8 /* Release */,
			);
			defaultConfigurationIsVisible = 0;
		};
		52346F7B1DCB7F2E0074F3A8 /* Build configuration list for PBXNativeTarget "[15057127]CalculatorAppUITests" */ = {
			isa = XCConfigurationList;
			buildConfigurations = (
				52346F7C1DCB7F2E0074F3A8 /* Debug */,
				52346F7D1DCB7F2E0074F3A8 /* Release */,
			);
			defaultConfigurationIsVisible = 0;
		};
/* End XCConfigurationList section */
	};
	rootObject = 52346F451DCB7F2D0074F3A8 /* Project object */;
}
